// !$*UTF8*$!
{
	archiveVersion = 1;
	classes = {
	};
	objectVersion = 51;
	objects = {

/* Begin PBXBuildFile section */
		45C1DDDD635AC386FFC23D10 /* Pods_FoodCalorieApp.framework in Frameworks */ = {isa = PBXBuildFile; fileRef = F6D5C9C0E80D1C8576DD8FE5 /* Pods_FoodCalorieApp.framework */; };
		C945F43223030F47001CBABB /* Object.swift in Sources */ = {isa = PBXBuildFile; fileRef = C945F43123030F47001CBABB /* Object.swift */; };
		C948EFA122FAC61400179711 /* TableViewCell.swift in Sources */ = {isa = PBXBuildFile; fileRef = C948EFA022FAC61400179711 /* TableViewCell.swift */; };
		C94AFF8623005EEE00C13B62 /* ResultCell.swift in Sources */ = {isa = PBXBuildFile; fileRef = C94AFF8523005EEE00C13B62 /* ResultCell.swift */; };
		C94AFF882300671200C13B62 /* PostNetworking.swift in Sources */ = {isa = PBXBuildFile; fileRef = C94AFF872300671200C13B62 /* PostNetworking.swift */; };
		C94AFF8A2300778900C13B62 /* NetworkingGetResponse.swift in Sources */ = {isa = PBXBuildFile; fileRef = C94AFF892300778900C13B62 /* NetworkingGetResponse.swift */; };
		C94D6C092302BD40002691A0 /* StartView.swift in Sources */ = {isa = PBXBuildFile; fileRef = C94D6C082302BD40002691A0 /* StartView.swift */; };
		C94D6C0B2302C3BF002691A0 /* TableViews.swift in Sources */ = {isa = PBXBuildFile; fileRef = C94D6C0A2302C3BF002691A0 /* TableViews.swift */; };
		C94D6C0D2302CED7002691A0 /* ViewForDetailViewController.swift in Sources */ = {isa = PBXBuildFile; fileRef = C94D6C0C2302CED7002691A0 /* ViewForDetailViewController.swift */; };
		C9540EDC231A6E2C0058C941 /* ResultView.swift in Sources */ = {isa = PBXBuildFile; fileRef = C9540EDB231A6E2C0058C941 /* ResultView.swift */; };
		C958E69922FC5B0C006388F9 /* DetailViewController.swift in Sources */ = {isa = PBXBuildFile; fileRef = C958E69822FC5B0C006388F9 /* DetailViewController.swift */; };
		C97301E522F864810071B8E5 /* AppDelegate.swift in Sources */ = {isa = PBXBuildFile; fileRef = C97301E422F864810071B8E5 /* AppDelegate.swift */; };
		C97301E722F864810071B8E5 /* StartViewController.swift in Sources */ = {isa = PBXBuildFile; fileRef = C97301E622F864810071B8E5 /* StartViewController.swift */; };
		C97301EC22F864820071B8E5 /* Assets.xcassets in Resources */ = {isa = PBXBuildFile; fileRef = C97301EB22F864820071B8E5 /* Assets.xcassets */; };
		C97301EF22F864820071B8E5 /* LaunchScreen.storyboard in Resources */ = {isa = PBXBuildFile; fileRef = C97301ED22F864820071B8E5 /* LaunchScreen.storyboard */; };
		C97301FB22F87C7F0071B8E5 /* ResultViewController.swift in Sources */ = {isa = PBXBuildFile; fileRef = C97301FA22F87C7F0071B8E5 /* ResultViewController.swift */; };
		C973020222F89E940071B8E5 /* Networking.swift in Sources */ = {isa = PBXBuildFile; fileRef = C973020122F89E940071B8E5 /* Networking.swift */; };
		C9743D402317D7AE007A93FE /* DateType.swift in Sources */ = {isa = PBXBuildFile; fileRef = C9743D3F2317D7AE007A93FE /* DateType.swift */; };
		C9743D432317D82B007A93FE /* FoodCalorieApp.xcdatamodeld in Sources */ = {isa = PBXBuildFile; fileRef = C9743D412317D82B007A93FE /* FoodCalorieApp.xcdatamodeld */; };
		C9743D512317DBAF007A93FE /* Day+CoreDataClass.swift in Sources */ = {isa = PBXBuildFile; fileRef = C9743D4D2317DBAF007A93FE /* Day+CoreDataClass.swift */; };
		C9743D522317DBAF007A93FE /* Day+CoreDataProperties.swift in Sources */ = {isa = PBXBuildFile; fileRef = C9743D4E2317DBAF007A93FE /* Day+CoreDataProperties.swift */; };
		C9743D532317DBAF007A93FE /* Meals+CoreDataClass.swift in Sources */ = {isa = PBXBuildFile; fileRef = C9743D4F2317DBAF007A93FE /* Meals+CoreDataClass.swift */; };
		C9743D542317DBAF007A93FE /* Meals+CoreDataProperties.swift in Sources */ = {isa = PBXBuildFile; fileRef = C9743D502317DBAF007A93FE /* Meals+CoreDataProperties.swift */; };
		C9743D5623181DE5007A93FE /* MacroDataType.swift in Sources */ = {isa = PBXBuildFile; fileRef = C9743D5523181DE5007A93FE /* MacroDataType.swift */; };
		C9F4D3C322F97EF000E094E5 /* TableController.swift in Sources */ = {isa = PBXBuildFile; fileRef = C9F4D3C222F97EF000E094E5 /* TableController.swift */; };
/* End PBXBuildFile section */

/* Begin PBXFileReference section */
		1DD3AD2C4F6C80E94E359F53 /* Pods-FoodCalorieApp.debug.xcconfig */ = {isa = PBXFileReference; includeInIndex = 1; lastKnownFileType = text.xcconfig; name = "Pods-FoodCalorieApp.debug.xcconfig"; path = "Target Support Files/Pods-FoodCalorieApp/Pods-FoodCalorieApp.debug.xcconfig"; sourceTree = "<group>"; };
		B51B2CE10DE94ED3209EB232 /* Pods-FoodCalorieApp.release.xcconfig */ = {isa = PBXFileReference; includeInIndex = 1; lastKnownFileType = text.xcconfig; name = "Pods-FoodCalorieApp.release.xcconfig"; path = "Target Support Files/Pods-FoodCalorieApp/Pods-FoodCalorieApp.release.xcconfig"; sourceTree = "<group>"; };
		C945F43123030F47001CBABB /* Object.swift */ = {isa = PBXFileReference; lastKnownFileType = sourcecode.swift; path = Object.swift; sourceTree = "<group>"; };
		C948EFA022FAC61400179711 /* TableViewCell.swift */ = {isa = PBXFileReference; lastKnownFileType = sourcecode.swift; path = TableViewCell.swift; sourceTree = "<group>"; };
		C94AFF8523005EEE00C13B62 /* ResultCell.swift */ = {isa = PBXFileReference; lastKnownFileType = sourcecode.swift; path = ResultCell.swift; sourceTree = "<group>"; };
		C94AFF872300671200C13B62 /* PostNetworking.swift */ = {isa = PBXFileReference; lastKnownFileType = sourcecode.swift; path = PostNetworking.swift; sourceTree = "<group>"; };
		C94AFF892300778900C13B62 /* NetworkingGetResponse.swift */ = {isa = PBXFileReference; lastKnownFileType = sourcecode.swift; path = NetworkingGetResponse.swift; sourceTree = "<group>"; };
		C94D6C082302BD40002691A0 /* StartView.swift */ = {isa = PBXFileReference; lastKnownFileType = sourcecode.swift; path = StartView.swift; sourceTree = "<group>"; };
		C94D6C0A2302C3BF002691A0 /* TableViews.swift */ = {isa = PBXFileReference; lastKnownFileType = sourcecode.swift; path = TableViews.swift; sourceTree = "<group>"; };
		C94D6C0C2302CED7002691A0 /* ViewForDetailViewController.swift */ = {isa = PBXFileReference; lastKnownFileType = sourcecode.swift; path = ViewForDetailViewController.swift; sourceTree = "<group>"; };
		C9540EDB231A6E2C0058C941 /* ResultView.swift */ = {isa = PBXFileReference; lastKnownFileType = sourcecode.swift; path = ResultView.swift; sourceTree = "<group>"; };
		C958E69822FC5B0C006388F9 /* DetailViewController.swift */ = {isa = PBXFileReference; lastKnownFileType = sourcecode.swift; path = DetailViewController.swift; sourceTree = "<group>"; };
		C97301E122F864810071B8E5 /* FoodCalorieApp.app */ = {isa = PBXFileReference; explicitFileType = wrapper.application; includeInIndex = 0; path = FoodCalorieApp.app; sourceTree = BUILT_PRODUCTS_DIR; };
		C97301E422F864810071B8E5 /* AppDelegate.swift */ = {isa = PBXFileReference; lastKnownFileType = sourcecode.swift; path = AppDelegate.swift; sourceTree = "<group>"; };
		C97301E622F864810071B8E5 /* StartViewController.swift */ = {isa = PBXFileReference; lastKnownFileType = sourcecode.swift; path = StartViewController.swift; sourceTree = "<group>"; };
		C97301EB22F864820071B8E5 /* Assets.xcassets */ = {isa = PBXFileReference; lastKnownFileType = folder.assetcatalog; path = Assets.xcassets; sourceTree = "<group>"; };
		C97301EE22F864820071B8E5 /* Base */ = {isa = PBXFileReference; lastKnownFileType = file.storyboard; name = Base; path = Base.lproj/LaunchScreen.storyboard; sourceTree = "<group>"; };
		C97301F022F864820071B8E5 /* Info.plist */ = {isa = PBXFileReference; lastKnownFileType = text.plist.xml; path = Info.plist; sourceTree = "<group>"; };
		C97301FA22F87C7F0071B8E5 /* ResultViewController.swift */ = {isa = PBXFileReference; lastKnownFileType = sourcecode.swift; path = ResultViewController.swift; sourceTree = "<group>"; };
		C973020122F89E940071B8E5 /* Networking.swift */ = {isa = PBXFileReference; lastKnownFileType = sourcecode.swift; path = Networking.swift; sourceTree = "<group>"; };
		C9743D3F2317D7AE007A93FE /* DateType.swift */ = {isa = PBXFileReference; lastKnownFileType = sourcecode.swift; path = DateType.swift; sourceTree = "<group>"; };
		C9743D422317D82B007A93FE /* Day.xcdatamodel */ = {isa = PBXFileReference; lastKnownFileType = wrapper.xcdatamodel; path = Day.xcdatamodel; sourceTree = "<group>"; };
		C9743D4D2317DBAF007A93FE /* Day+CoreDataClass.swift */ = {isa = PBXFileReference; lastKnownFileType = sourcecode.swift; path = "Day+CoreDataClass.swift"; sourceTree = "<group>"; };
		C9743D4E2317DBAF007A93FE /* Day+CoreDataProperties.swift */ = {isa = PBXFileReference; lastKnownFileType = sourcecode.swift; path = "Day+CoreDataProperties.swift"; sourceTree = "<group>"; };
		C9743D4F2317DBAF007A93FE /* Meals+CoreDataClass.swift */ = {isa = PBXFileReference; lastKnownFileType = sourcecode.swift; path = "Meals+CoreDataClass.swift"; sourceTree = "<group>"; };
		C9743D502317DBAF007A93FE /* Meals+CoreDataProperties.swift */ = {isa = PBXFileReference; lastKnownFileType = sourcecode.swift; path = "Meals+CoreDataProperties.swift"; sourceTree = "<group>"; };
		C9743D5523181DE5007A93FE /* MacroDataType.swift */ = {isa = PBXFileReference; lastKnownFileType = sourcecode.swift; path = MacroDataType.swift; sourceTree = "<group>"; };
		C9F4D3C222F97EF000E094E5 /* TableController.swift */ = {isa = PBXFileReference; lastKnownFileType = sourcecode.swift; path = TableController.swift; sourceTree = "<group>"; };
		F6D5C9C0E80D1C8576DD8FE5 /* Pods_FoodCalorieApp.framework */ = {isa = PBXFileReference; explicitFileType = wrapper.framework; includeInIndex = 0; path = Pods_FoodCalorieApp.framework; sourceTree = BUILT_PRODUCTS_DIR; };
/* End PBXFileReference section */

/* Begin PBXFrameworksBuildPhase section */
		C97301DE22F864810071B8E5 /* Frameworks */ = {
			isa = PBXFrameworksBuildPhase;
			buildActionMask = 2147483647;
			files = (
				45C1DDDD635AC386FFC23D10 /* Pods_FoodCalorieApp.framework in Frameworks */,
			);
			runOnlyForDeploymentPostprocessing = 0;
		};
/* End PBXFrameworksBuildPhase section */

/* Begin PBXGroup section */
		6A63580CB1FBFC7584115354 /* Pods */ = {
			isa = PBXGroup;
			children = (
				1DD3AD2C4F6C80E94E359F53 /* Pods-FoodCalorieApp.debug.xcconfig */,
				B51B2CE10DE94ED3209EB232 /* Pods-FoodCalorieApp.release.xcconfig */,
			);
			path = Pods;
			sourceTree = "<group>";
		};
		813327987C7C9773B6B471F3 /* Frameworks */ = {
			isa = PBXGroup;
			children = (
				F6D5C9C0E80D1C8576DD8FE5 /* Pods_FoodCalorieApp.framework */,
			);
			name = Frameworks;
			sourceTree = "<group>";
		};
		C94D6BFE2302BB85002691A0 /* Controller */ = {
			isa = PBXGroup;
			children = (
				C97301E622F864810071B8E5 /* StartViewController.swift */,
				C9F4D3C222F97EF000E094E5 /* TableController.swift */,
				C958E69822FC5B0C006388F9 /* DetailViewController.swift */,
				C97301FA22F87C7F0071B8E5 /* ResultViewController.swift */,
			);
			path = Controller;
			sourceTree = "<group>";
		};
		C94D6C052302BCA1002691A0 /* Model */ = {
			isa = PBXGroup;
			children = (
				C945F43123030F47001CBABB /* Object.swift */,
			);
			path = Model;
			sourceTree = "<group>";
		};
		C97301D822F864810071B8E5 = {
			isa = PBXGroup;
			children = (
				C97301E322F864810071B8E5 /* FoodCalorieApp */,
				C97301E222F864810071B8E5 /* Products */,
				C9743D412317D82B007A93FE /* FoodCalorieApp.xcdatamodeld */,
				6A63580CB1FBFC7584115354 /* Pods */,
				813327987C7C9773B6B471F3 /* Frameworks */,
			);
			sourceTree = "<group>";
		};
		C97301E222F864810071B8E5 /* Products */ = {
			isa = PBXGroup;
			children = (
				C97301E122F864810071B8E5 /* FoodCalorieApp.app */,
			);
			name = Products;
			sourceTree = "<group>";
		};
		C97301E322F864810071B8E5 /* FoodCalorieApp */ = {
			isa = PBXGroup;
			children = (
				C9743D442317D9BE007A93FE /* CoreData */,
				C9743D3E2317D79E007A93FE /* Enums */,
				C94D6C052302BCA1002691A0 /* Model */,
				C94D6BFE2302BB85002691A0 /* Controller */,
				C97301F722F865CB0071B8E5 /* View */,
				C973020022F89E6A0071B8E5 /* Networking */,
				C97301EB22F864820071B8E5 /* Assets.xcassets */,
				C97301ED22F864820071B8E5 /* LaunchScreen.storyboard */,
				C97301E422F864810071B8E5 /* AppDelegate.swift */,
				C97301F022F864820071B8E5 /* Info.plist */,
			);
			path = FoodCalorieApp;
			sourceTree = "<group>";
		};
		C97301F722F865CB0071B8E5 /* View */ = {
			isa = PBXGroup;
			children = (
				C94D6C082302BD40002691A0 /* StartView.swift */,
				C94D6C0A2302C3BF002691A0 /* TableViews.swift */,
				C948EFA022FAC61400179711 /* TableViewCell.swift */,
				C94AFF8523005EEE00C13B62 /* ResultCell.swift */,
				C9540EDB231A6E2C0058C941 /* ResultView.swift */,
				C94D6C0C2302CED7002691A0 /* ViewForDetailViewController.swift */,
			);
			path = View;
			sourceTree = "<group>";
		};
		C973020022F89E6A0071B8E5 /* Networking */ = {
			isa = PBXGroup;
			children = (
				C973020122F89E940071B8E5 /* Networking.swift */,
				C94AFF872300671200C13B62 /* PostNetworking.swift */,
				C94AFF892300778900C13B62 /* NetworkingGetResponse.swift */,
			);
			path = Networking;
			sourceTree = "<group>";
		};
		C9743D3E2317D79E007A93FE /* Enums */ = {
			isa = PBXGroup;
			children = (
				C9743D3F2317D7AE007A93FE /* DateType.swift */,
				C9743D5523181DE5007A93FE /* MacroDataType.swift */,
			);
			path = Enums;
			sourceTree = "<group>";
		};
		C9743D442317D9BE007A93FE /* CoreData */ = {
			isa = PBXGroup;
			children = (
				C9743D4D2317DBAF007A93FE /* Day+CoreDataClass.swift */,
				C9743D4E2317DBAF007A93FE /* Day+CoreDataProperties.swift */,
				C9743D4F2317DBAF007A93FE /* Meals+CoreDataClass.swift */,
				C9743D502317DBAF007A93FE /* Meals+CoreDataProperties.swift */,
			);
			path = CoreData;
			sourceTree = "<group>";
		};
/* End PBXGroup section */

/* Begin PBXNativeTarget section */
		C97301E022F864810071B8E5 /* FoodCalorieApp */ = {
			isa = PBXNativeTarget;
			buildConfigurationList = C97301F322F864820071B8E5 /* Build configuration list for PBXNativeTarget "FoodCalorieApp" */;
			buildPhases = (
				C3FFD6BE91B312B2DC4B8960 /* [CP] Check Pods Manifest.lock */,
				C97301DD22F864810071B8E5 /* Sources */,
				C97301DE22F864810071B8E5 /* Frameworks */,
				C97301DF22F864810071B8E5 /* Resources */,
				872317A74CAFE28D615392C0 /* [CP] Embed Pods Frameworks */,
			);
			buildRules = (
			);
			dependencies = (
			);
			name = FoodCalorieApp;
			productName = FoodCalorieApp;
			productReference = C97301E122F864810071B8E5 /* FoodCalorieApp.app */;
			productType = "com.apple.product-type.application";
		};
/* End PBXNativeTarget section */

/* Begin PBXProject section */
		C97301D922F864810071B8E5 /* Project object */ = {
			isa = PBXProject;
			attributes = {
				LastSwiftUpdateCheck = 1010;
				LastUpgradeCheck = 1010;
				ORGANIZATIONNAME = XCodeClub;
				TargetAttributes = {
					C97301E022F864810071B8E5 = {
						CreatedOnToolsVersion = 10.1;
					};
				};
			};
			buildConfigurationList = C97301DC22F864810071B8E5 /* Build configuration list for PBXProject "FoodCalorieApp" */;
			compatibilityVersion = "Xcode 9.3";
			developmentRegion = en;
			hasScannedForEncodings = 0;
			knownRegions = (
				en,
				Base,
			);
			mainGroup = C97301D822F864810071B8E5;
			productRefGroup = C97301E222F864810071B8E5 /* Products */;
			projectDirPath = "";
			projectRoot = "";
			targets = (
				C97301E022F864810071B8E5 /* FoodCalorieApp */,
			);
		};
/* End PBXProject section */

/* Begin PBXResourcesBuildPhase section */
		C97301DF22F864810071B8E5 /* Resources */ = {
			isa = PBXResourcesBuildPhase;
			buildActionMask = 2147483647;
			files = (
				C97301EF22F864820071B8E5 /* LaunchScreen.storyboard in Resources */,
				C97301EC22F864820071B8E5 /* Assets.xcassets in Resources */,
			);
			runOnlyForDeploymentPostprocessing = 0;
		};
/* End PBXResourcesBuildPhase section */

/* Begin PBXShellScriptBuildPhase section */
		872317A74CAFE28D615392C0 /* [CP] Embed Pods Frameworks */ = {
			isa = PBXShellScriptBuildPhase;
			buildActionMask = 2147483647;
			files = (
			);
			inputFileListPaths = (
				"${PODS_ROOT}/Target Support Files/Pods-FoodCalorieApp/Pods-FoodCalorieApp-frameworks-${CONFIGURATION}-input-files.xcfilelist",
			);
			name = "[CP] Embed Pods Frameworks";
			outputFileListPaths = (
				"${PODS_ROOT}/Target Support Files/Pods-FoodCalorieApp/Pods-FoodCalorieApp-frameworks-${CONFIGURATION}-output-files.xcfilelist",
			);
			runOnlyForDeploymentPostprocessing = 0;
			shellPath = /bin/sh;
			shellScript = "\"${PODS_ROOT}/Target Support Files/Pods-FoodCalorieApp/Pods-FoodCalorieApp-frameworks.sh\"\n";
			showEnvVarsInLog = 0;
		};
		C3FFD6BE91B312B2DC4B8960 /* [CP] Check Pods Manifest.lock */ = {
			isa = PBXShellScriptBuildPhase;
			buildActionMask = 2147483647;
			files = (
			);
			inputFileListPaths = (
			);
			inputPaths = (
				"${PODS_PODFILE_DIR_PATH}/Podfile.lock",
				"${PODS_ROOT}/Manifest.lock",
			);
			name = "[CP] Check Pods Manifest.lock";
			outputFileListPaths = (
			);
			outputPaths = (
				"$(DERIVED_FILE_DIR)/Pods-FoodCalorieApp-checkManifestLockResult.txt",
			);
			runOnlyForDeploymentPostprocessing = 0;
			shellPath = /bin/sh;
			shellScript = "diff \"${PODS_PODFILE_DIR_PATH}/Podfile.lock\" \"${PODS_ROOT}/Manifest.lock\" > /dev/null\nif [ $? != 0 ] ; then\n    # print error to STDERR\n    echo \"error: The sandbox is not in sync with the Podfile.lock. Run 'pod install' or update your CocoaPods installation.\" >&2\n    exit 1\nfi\n# This output is used by Xcode 'outputs' to avoid re-running this script phase.\necho \"SUCCESS\" > \"${SCRIPT_OUTPUT_FILE_0}\"\n";
			showEnvVarsInLog = 0;
		};
/* End PBXShellScriptBuildPhase section */

/* Begin PBXSourcesBuildPhase section */
		C97301DD22F864810071B8E5 /* Sources */ = {
			isa = PBXSourcesBuildPhase;
			buildActionMask = 2147483647;
			files = (
				C97301E722F864810071B8E5 /* StartViewController.swift in Sources */,
				C9743D402317D7AE007A93FE /* DateType.swift in Sources */,
				C94D6C0B2302C3BF002691A0 /* TableViews.swift in Sources */,
				C9743D532317DBAF007A93FE /* Meals+CoreDataClass.swift in Sources */,
				C9743D5623181DE5007A93FE /* MacroDataType.swift in Sources */,
				C97301E522F864810071B8E5 /* AppDelegate.swift in Sources */,
				C9743D512317DBAF007A93FE /* Day+CoreDataClass.swift in Sources */,
				C948EFA122FAC61400179711 /* TableViewCell.swift in Sources */,
				C94D6C092302BD40002691A0 /* StartView.swift in Sources */,
				C94AFF882300671200C13B62 /* PostNetworking.swift in Sources */,
				C9743D522317DBAF007A93FE /* Day+CoreDataProperties.swift in Sources */,
				C945F43223030F47001CBABB /* Object.swift in Sources */,
				C973020222F89E940071B8E5 /* Networking.swift in Sources */,
				C9540EDC231A6E2C0058C941 /* ResultView.swift in Sources */,
				C9743D432317D82B007A93FE /* FoodCalorieApp.xcdatamodeld in Sources */,
				C94AFF8A2300778900C13B62 /* NetworkingGetResponse.swift in Sources */,
				C97301FB22F87C7F0071B8E5 /* ResultViewController.swift in Sources */,
				C9743D542317DBAF007A93FE /* Meals+CoreDataProperties.swift in Sources */,
				C958E69922FC5B0C006388F9 /* DetailViewController.swift in Sources */,
				C94AFF8623005EEE00C13B62 /* ResultCell.swift in Sources */,
				C94D6C0D2302CED7002691A0 /* ViewForDetailViewController.swift in Sources */,
				C9F4D3C322F97EF000E094E5 /* TableController.swift in Sources */,
			);
			runOnlyForDeploymentPostprocessing = 0;
		};
/* End PBXSourcesBuildPhase section */

/* Begin PBXVariantGroup section */
		C97301ED22F864820071B8E5 /* LaunchScreen.storyboard */ = {
			isa = PBXVariantGroup;
			children = (
				C97301EE22F864820071B8E5 /* Base */,
			);
			name = LaunchScreen.storyboard;
			sourceTree = "<group>";
		};
/* End PBXVariantGroup section */

/* Begin XCBuildConfiguration section */
		C97301F122F864820071B8E5 /* Debug */ = {
			isa = XCBuildConfiguration;
			buildSettings = {
				ALWAYS_SEARCH_USER_PATHS = NO;
				CLANG_ANALYZER_NONNULL = YES;
				CLANG_ANALYZER_NUMBER_OBJECT_CONVERSION = YES_AGGRESSIVE;
				CLANG_CXX_LANGUAGE_STANDARD = "gnu++14";
				CLANG_CXX_LIBRARY = "libc++";
				CLANG_ENABLE_MODULES = YES;
				CLANG_ENABLE_OBJC_ARC = YES;
				CLANG_ENABLE_OBJC_WEAK = YES;
				CLANG_WARN_BLOCK_CAPTURE_AUTORELEASING = YES;
				CLANG_WARN_BOOL_CONVERSION = YES;
				CLANG_WARN_COMMA = YES;
				CLANG_WARN_CONSTANT_CONVERSION = YES;
				CLANG_WARN_DEPRECATED_OBJC_IMPLEMENTATIONS = YES;
				CLANG_WARN_DIRECT_OBJC_ISA_USAGE = YES_ERROR;
				CLANG_WARN_DOCUMENTATION_COMMENTS = YES;
				CLANG_WARN_EMPTY_BODY = YES;
				CLANG_WARN_ENUM_CONVERSION = YES;
				CLANG_WARN_INFINITE_RECURSION = YES;
				CLANG_WARN_INT_CONVERSION = YES;
				CLANG_WARN_NON_LITERAL_NULL_CONVERSION = YES;
				CLANG_WARN_OBJC_IMPLICIT_RETAIN_SELF = YES;
				CLANG_WARN_OBJC_LITERAL_CONVERSION = YES;
				CLANG_WARN_OBJC_ROOT_CLASS = YES_ERROR;
				CLANG_WARN_RANGE_LOOP_ANALYSIS = YES;
				CLANG_WARN_STRICT_PROTOTYPES = YES;
				CLANG_WARN_SUSPICIOUS_MOVE = YES;
				CLANG_WARN_UNGUARDED_AVAILABILITY = YES_AGGRESSIVE;
				CLANG_WARN_UNREACHABLE_CODE = YES;
				CLANG_WARN__DUPLICATE_METHOD_MATCH = YES;
				CODE_SIGN_IDENTITY = "iPhone Developer";
				COPY_PHASE_STRIP = NO;
				DEBUG_INFORMATION_FORMAT = dwarf;
				ENABLE_STRICT_OBJC_MSGSEND = YES;
				ENABLE_TESTABILITY = YES;
				GCC_C_LANGUAGE_STANDARD = gnu11;
				GCC_DYNAMIC_NO_PIC = NO;
				GCC_NO_COMMON_BLOCKS = YES;
				GCC_OPTIMIZATION_LEVEL = 0;
				GCC_PREPROCESSOR_DEFINITIONS = (
					"DEBUG=1",
					"$(inherited)",
				);
				GCC_WARN_64_TO_32_BIT_CONVERSION = YES;
				GCC_WARN_ABOUT_RETURN_TYPE = YES_ERROR;
				GCC_WARN_UNDECLARED_SELECTOR = YES;
				GCC_WARN_UNINITIALIZED_AUTOS = YES_AGGRESSIVE;
				GCC_WARN_UNUSED_FUNCTION = YES;
				GCC_WARN_UNUSED_VARIABLE = YES;
				IPHONEOS_DEPLOYMENT_TARGET = 12.1;
				MTL_ENABLE_DEBUG_INFO = INCLUDE_SOURCE;
				MTL_FAST_MATH = YES;
				ONLY_ACTIVE_ARCH = YES;
				SDKROOT = iphoneos;
				SWIFT_ACTIVE_COMPILATION_CONDITIONS = DEBUG;
				SWIFT_OPTIMIZATION_LEVEL = "-Onone";
			};
			name = Debug;
		};
		C97301F222F864820071B8E5 /* Release */ = {
			isa = XCBuildConfiguration;
			buildSettings = {
				ALWAYS_SEARCH_USER_PATHS = NO;
				CLANG_ANALYZER_NONNULL = YES;
				CLANG_ANALYZER_NUMBER_OBJECT_CONVERSION = YES_AGGRESSIVE;
				CLANG_CXX_LANGUAGE_STANDARD = "gnu++14";
				CLANG_CXX_LIBRARY = "libc++";
				CLANG_ENABLE_MODULES = YES;
				CLANG_ENABLE_OBJC_ARC = YES;
				CLANG_ENABLE_OBJC_WEAK = YES;
				CLANG_WARN_BLOCK_CAPTURE_AUTORELEASING = YES;
				CLANG_WARN_BOOL_CONVERSION = YES;
				CLANG_WARN_COMMA = YES;
				CLANG_WARN_CONSTANT_CONVERSION = YES;
				CLANG_WARN_DEPRECATED_OBJC_IMPLEMENTATIONS = YES;
				CLANG_WARN_DIRECT_OBJC_ISA_USAGE = YES_ERROR;
				CLANG_WARN_DOCUMENTATION_COMMENTS = YES;
				CLANG_WARN_EMPTY_BODY = YES;
				CLANG_WARN_ENUM_CONVERSION = YES;
				CLANG_WARN_INFINITE_RECURSION = YES;
				CLANG_WARN_INT_CONVERSION = YES;
				CLANG_WARN_NON_LITERAL_NULL_CONVERSION = YES;
				CLANG_WARN_OBJC_IMPLICIT_RETAIN_SELF = YES;
				CLANG_WARN_OBJC_LITERAL_CONVERSION = YES;
				CLANG_WARN_OBJC_ROOT_CLASS = YES_ERROR;
				CLANG_WARN_RANGE_LOOP_ANALYSIS = YES;
				CLANG_WARN_STRICT_PROTOTYPES = YES;
				CLANG_WARN_SUSPICIOUS_MOVE = YES;
				CLANG_WARN_UNGUARDED_AVAILABILITY = YES_AGGRESSIVE;
				CLANG_WARN_UNREACHABLE_CODE = YES;
				CLANG_WARN__DUPLICATE_METHOD_MATCH = YES;
				CODE_SIGN_IDENTITY = "iPhone Developer";
				COPY_PHASE_STRIP = NO;
				DEBUG_INFORMATION_FORMAT = "dwarf-with-dsym";
				ENABLE_NS_ASSERTIONS = NO;
				ENABLE_STRICT_OBJC_MSGSEND = YES;
				GCC_C_LANGUAGE_STANDARD = gnu11;
				GCC_NO_COMMON_BLOCKS = YES;
				GCC_WARN_64_TO_32_BIT_CONVERSION = YES;
				GCC_WARN_ABOUT_RETURN_TYPE = YES_ERROR;
				GCC_WARN_UNDECLARED_SELECTOR = YES;
				GCC_WARN_UNINITIALIZED_AUTOS = YES_AGGRESSIVE;
				GCC_WARN_UNUSED_FUNCTION = YES;
				GCC_WARN_UNUSED_VARIABLE = YES;
				IPHONEOS_DEPLOYMENT_TARGET = 12.1;
				MTL_ENABLE_DEBUG_INFO = NO;
				MTL_FAST_MATH = YES;
				SDKROOT = iphoneos;
				SWIFT_COMPILATION_MODE = wholemodule;
				SWIFT_OPTIMIZATION_LEVEL = "-O";
				VALIDATE_PRODUCT = YES;
			};
			name = Release;
		};
		C97301F422F864820071B8E5 /* Debug */ = {
			isa = XCBuildConfiguration;
			baseConfigurationReference = 1DD3AD2C4F6C80E94E359F53 /* Pods-FoodCalorieApp.debug.xcconfig */;
			buildSettings = {
				ASSETCATALOG_COMPILER_APPICON_NAME = AppIcon;
				CODE_SIGN_STYLE = Automatic;
				INFOPLIST_FILE = FoodCalorieApp/Info.plist;
				LD_RUNPATH_SEARCH_PATHS = (
					"$(inherited)",
					"@executable_path/Frameworks",
				);
				PRODUCT_BUNDLE_IDENTIFIER = test.FoodCalorieApp;
				PRODUCT_NAME = "$(TARGET_NAME)";
				SWIFT_VERSION = 4.2;
				TARGETED_DEVICE_FAMILY = "1,2";
			};
			name = Debug;
		};
		C97301F522F864820071B8E5 /* Release */ = {
			isa = XCBuildConfiguration;
			baseConfigurationReference = B51B2CE10DE94ED3209EB232 /* Pods-FoodCalorieApp.release.xcconfig */;
			buildSettings = {
				ASSETCATALOG_COMPILER_APPICON_NAME = AppIcon;
				CODE_SIGN_STYLE = Automatic;
				INFOPLIST_FILE = FoodCalorieApp/Info.plist;
				LD_RUNPATH_SEARCH_PATHS = (
					"$(inherited)",
					"@executable_path/Frameworks",
				);
				PRODUCT_BUNDLE_IDENTIFIER = test.FoodCalorieApp;
				PRODUCT_NAME = "$(TARGET_NAME)";
				SWIFT_VERSION = 4.2;
				TARGETED_DEVICE_FAMILY = "1,2";
			};
			name = Release;
		};
/* End XCBuildConfiguration section */

/* Begin XCConfigurationList section */
		C97301DC22F864810071B8E5 /* Build configuration list for PBXProject "FoodCalorieApp" */ = {
			isa = XCConfigurationList;
			buildConfigurations = (
				C97301F122F864820071B8E5 /* Debug */,
				C97301F222F864820071B8E5 /* Release */,
			);
			defaultConfigurationIsVisible = 0;
			defaultConfigurationName = Release;
		};
		C97301F322F864820071B8E5 /* Build configuration list for PBXNativeTarget "FoodCalorieApp" */ = {
			isa = XCConfigurationList;
			buildConfigurations = (
				C97301F422F864820071B8E5 /* Debug */,
				C97301F522F864820071B8E5 /* Release */,
			);
			defaultConfigurationIsVisible = 0;
			defaultConfigurationName = Release;
		};
/* End XCConfigurationList section */

/* Begin XCVersionGroup section */
		C9743D412317D82B007A93FE /* FoodCalorieApp.xcdatamodeld */ = {
			isa = XCVersionGroup;
			children = (
				C9743D422317D82B007A93FE /* Day.xcdatamodel */,
			);
			currentVersion = C9743D422317D82B007A93FE /* Day.xcdatamodel */;
			path = FoodCalorieApp.xcdatamodeld;
			sourceTree = "<group>";
			versionGroupType = wrapper.xcdatamodel;
		};
/* End XCVersionGroup section */
	};
	rootObject = C97301D922F864810071B8E5 /* Project object */;
}
